
Microsoft Visual Studio Solution File, Format Version 12.00
# Visual Studio 15
VisualStudioVersion = 15.0.27428.2037
MinimumVisualStudioVersion = 10.0.40219.1
Project("{FAE04EC0-301F-11D3-BF4B-00C04F79EFBC}") = "B2_ProjetSQLwpf", "B2_ProjetSQLwpf\B2_ProjetSQLwpf.csproj", "{AC982DEC-4ACF-4E57-952F-01F20A523CBA}"
EndProject
Global
	GlobalSection(SolutionConfigurationPlatforms) = preSolution
		Debug|Any CPU = Debug|Any CPU
		Release|Any CPU = Release|Any CPU
	EndGlobalSection
	GlobalSection(ProjectConfigurationPlatforms) = postSolution
		{AC982DEC-4ACF-4E57-952F-01F20A523CBA}.Debug|Any CPU.ActiveCfg = Debug|Any CPU
		{AC982DEC-4ACF-4E57-952F-01F20A523CBA}.Debug|Any CPU.Build.0 = Debug|Any CPU
		{AC982DEC-4ACF-4E57-952F-01F20A523CBA}.Release|Any CPU.ActiveCfg = Release|Any CPU
		{AC982DEC-4ACF-4E57-952F-01F20A523CBA}.Release|Any CPU.Build.0 = Release|Any CPU
	EndGlobalSection
	GlobalSection(SolutionProperties) = preSolution
		HideSolutionNode = FALSE
	EndGlobalSection
	GlobalSection(ExtensibilityGlobals) = postSolution
		SolutionGuid = {81DB859A-6833-4731-ADC7-EABB73C2EC47}
	EndGlobalSection
EndGlobal
